{
  "name": "Advent-Of-Code",
  "version": "1.0.0",
  "lockfileVersion": 1,
  "requires": true,
  "dependencies": {
    "@rbxts/types": {
      "version": "1.0.312",
      "resolved": "https://registry.npmjs.org/@rbxts/types/-/types-1.0.312.tgz",
      "integrity": "sha512-VtPiPNtoZogNbsuDkysJGPp7fx0vVxnBK4yeDtoHrmaLtXH0u6VRqLlP60wJDLJcb+hM3qR7d6w8B8o8VRPq5A==",
      "dev": true
    }
  }
}
